<?xml version="1.0" encoding="utf-8"?>
<Project ToolsVersion="4.0" xmlns="http://schemas.microsoft.com/developer/msbuild/2003">
  <ItemGroup>
    <Filter Include="Source">
      <UniqueIdentifier>{e5475de4-fd7e-419c-b11c-ff4572f671cc}</UniqueIdentifier>
    </Filter>
  </ItemGroup>
  <ItemGroup>
    <ClCompile Include="binlog.c">
      <Filter>Source</Filter>
    </ClCompile>
    <ClCompile Include="binlogmsg.c">
      <Filter>Source</Filter>
    </ClCompile>
    <ClCompile Include="cidset.c">
      <Filter>Source</Filter>
    </ClCompile>
    <ClCompile Include="picolog.c">
      <Filter>Source</Filter>
    </ClCompile>
    <ClCompile Include="txtlog.c">
      <Filter>Source</Filter>
    </ClCompile>
  </ItemGroup>
  <ItemGroup>
    <ClInclude Include="binlog.h">
      <Filter>Source</Filter>
    </ClInclude>
    <ClInclude Include="binlogmsg.h">
      <Filter>Source</Filter>
    </ClInclude>
    <ClInclude Include="cidset.h">
      <Filter>Source</Filter>
    </ClInclude>
    <ClInclude Include="picolog.h">
      <Filter>Source</Filter>
    </ClInclude>
  </ItemGroup>
</Project>